
Microsoft Visual Studio Solution File, Format Version 12.00
# Visual Studio Version 16
VisualStudioVersion = 16.0.29613.14
MinimumVisualStudioVersion = 10.0.40219.1
Project("{2150E333-8FDC-42A3-9474-1A3956D46DE8}") = "Solution Items", "Solution Items", "{FAD88788-F574-4B8D-A5ED-7FFCAF5015F6}"
	ProjectSection(SolutionItems) = preProject
		.editorconfig = .editorconfig
	EndProjectSection
EndProject
Project("{2150E333-8FDC-42A3-9474-1A3956D46DE8}") = "src", "src", "{F025D872-7E99-4396-9843-A9346B3DEDEC}"
EndProject
Project("{FAE04EC0-301F-11D3-BF4B-00C04F79EFBC}") = "FoodMaster.WebSite", "src\FoodMaster.WebSite\FoodMaster.WebSite.csproj", "{78AFB148-6C5F-47A0-AAFD-8AB6D060C2B5}"
EndProject
Global
	GlobalSection(SolutionConfigurationPlatforms) = preSolution
		Debug|Any CPU = Debug|Any CPU
		Release|Any CPU = Release|Any CPU
	EndGlobalSection
	GlobalSection(ProjectConfigurationPlatforms) = postSolution
		{78AFB148-6C5F-47A0-AAFD-8AB6D060C2B5}.Debug|Any CPU.ActiveCfg = Debug|Any CPU
		{78AFB148-6C5F-47A0-AAFD-8AB6D060C2B5}.Debug|Any CPU.Build.0 = Debug|Any CPU
		{78AFB148-6C5F-47A0-AAFD-8AB6D060C2B5}.Release|Any CPU.ActiveCfg = Release|Any CPU
		{78AFB148-6C5F-47A0-AAFD-8AB6D060C2B5}.Release|Any CPU.Build.0 = Release|Any CPU
	EndGlobalSection
	GlobalSection(SolutionProperties) = preSolution
		HideSolutionNode = FALSE
	EndGlobalSection
	GlobalSection(NestedProjects) = preSolution
		{78AFB148-6C5F-47A0-AAFD-8AB6D060C2B5} = {F025D872-7E99-4396-9843-A9346B3DEDEC}
	EndGlobalSection
	GlobalSection(ExtensibilityGlobals) = postSolution
		SolutionGuid = {248AB3AF-6331-4019-A5C1-F10ED9B18A2F}
	EndGlobalSection
EndGlobal
